lockfile_version: '1'
generated_at: '2026-05-18T12:19:43.678741+00:00'
apm_version: 0.13.0
dependencies:
- repo_url: microsoft/apm-sample-package
  host: github.com
  resolved_commit: fb2851683be0e0e7711421d518bd8dba23b0b1f6
  package_type: apm_package
  deployed_files:
  - .agents/skills/style-checker
  - .github/agents/design-reviewer.agent.md
  - .github/instructions/design-standards.instructions.md
  - .github/prompts/accessibility-audit.prompt.md
  - .github/prompts/design-review.prompt.md
  deployed_file_hashes:
    .github/agents/design-reviewer.agent.md: sha256:ee24feba3104b52b28b4d646af78124434f12e1dbe856fb43a963cb108bf46ac
    .github/instructions/design-standards.instructions.md: sha256:690bb9a83d9c170b00658476d35aedf20b6d4473d3531a5f7cfcfa4dc2957285
    .github/prompts/accessibility-audit.prompt.md: sha256:6a4a6e98ec3ed7e014a65b2ba0751cef1573ae3b9deeb479faf404252565319c
    .github/prompts/design-review.prompt.md: sha256:a252ea89103be65bfaec0f96c515632506999e96e608084a40f2bb1d606039f0
  content_hash: sha256:744cca54cc8ff7ca90aa1dd621c2f98c6291cd793815afe8518001cc94b8aba9
- repo_url: github/awesome-copilot
  host: github.com
  resolved_commit: 541b7819d8c3545c6df122491af4fa1eae415779
  virtual_path: skills/review-and-refactor
  is_virtual: true
  depth: 2
  resolved_by: microsoft/apm-sample-package
  package_type: claude_skill
  deployed_files:
  - .agents/skills/review-and-refactor
  content_hash: sha256:9236d06a1500089ddb46975b866e9a63478e502afe7095b1980c618678a7c7fe
